// !$*UTF8*$!
{
	archiveVersion = 1;
	classes = {
	};
	objectVersion = 46;
	objects = {

/* Begin PBXBuildFile section */
		161729641818172300D95877 /* MSPinchInHandler.m in Sources */ = {isa = PBXBuildFile; fileRef = 161729631818172300D95877 /* MSPinchInHandler.m */; };
		16802E7C1819BDEA0079E3FB /* MADragAndDropGestureTableViewController.m in Sources */ = {isa = PBXBuildFile; fileRef = 16802E751819BDEA0079E3FB /* MADragAndDropGestureTableViewController.m */; };
		16802E7D1819BDEA0079E3FB /* MAPinchInGestureTableViewController.m in Sources */ = {isa = PBXBuildFile; fileRef = 16802E771819BDEA0079E3FB /* MAPinchInGestureTableViewController.m */; };
		16802E7E1819BDEA0079E3FB /* MAPinchOutGestureTableViewController.m in Sources */ = {isa = PBXBuildFile; fileRef = 16802E791819BDEA0079E3FB /* MAPinchOutGestureTableViewController.m */; };
		16802E7F1819BDEA0079E3FB /* MAPullGestureTableViewController.m in Sources */ = {isa = PBXBuildFile; fileRef = 16802E7B1819BDEA0079E3FB /* MAPullGestureTableViewController.m */; };
		168071E01817F6E4001966AB /* Foundation.framework in Frameworks */ = {isa = PBXBuildFile; fileRef = 168071DF1817F6E4001966AB /* Foundation.framework */; };
		168071E21817F6E4001966AB /* CoreGraphics.framework in Frameworks */ = {isa = PBXBuildFile; fileRef = 168071E11817F6E4001966AB /* CoreGraphics.framework */; };
		168071E41817F6E4001966AB /* UIKit.framework in Frameworks */ = {isa = PBXBuildFile; fileRef = 168071E31817F6E4001966AB /* UIKit.framework */; };
		168071EA1817F6E4001966AB /* InfoPlist.strings in Resources */ = {isa = PBXBuildFile; fileRef = 168071E81817F6E4001966AB /* InfoPlist.strings */; };
		168071EC1817F6E4001966AB /* main.m in Sources */ = {isa = PBXBuildFile; fileRef = 168071EB1817F6E4001966AB /* main.m */; };
		168071F01817F6E4001966AB /* MAAppDelegate.m in Sources */ = {isa = PBXBuildFile; fileRef = 168071EF1817F6E4001966AB /* MAAppDelegate.m */; };
		168071F31817F6E4001966AB /* Main.storyboard in Resources */ = {isa = PBXBuildFile; fileRef = 168071F11817F6E4001966AB /* Main.storyboard */; };
		168071F81817F6E4001966AB /* Images.xcassets in Resources */ = {isa = PBXBuildFile; fileRef = 168071F71817F6E4001966AB /* Images.xcassets */; };
		168071FF1817F6E4001966AB /* XCTest.framework in Frameworks */ = {isa = PBXBuildFile; fileRef = 168071FE1817F6E4001966AB /* XCTest.framework */; };
		168072001817F6E4001966AB /* Foundation.framework in Frameworks */ = {isa = PBXBuildFile; fileRef = 168071DF1817F6E4001966AB /* Foundation.framework */; };
		168072011817F6E4001966AB /* UIKit.framework in Frameworks */ = {isa = PBXBuildFile; fileRef = 168071E31817F6E4001966AB /* UIKit.framework */; };
		168072091817F6E4001966AB /* InfoPlist.strings in Resources */ = {isa = PBXBuildFile; fileRef = 168072071817F6E4001966AB /* InfoPlist.strings */; };
		1680720B1817F6E4001966AB /* FlexibleTableViewTests.m in Sources */ = {isa = PBXBuildFile; fileRef = 1680720A1817F6E4001966AB /* FlexibleTableViewTests.m */; };
		1680721F1817F71D001966AB /* MSPinchOutHandler.m in Sources */ = {isa = PBXBuildFile; fileRef = 168072151817F71D001966AB /* MSPinchOutHandler.m */; };
		168072201817F71D001966AB /* MSDragAndDropHandler.m in Sources */ = {isa = PBXBuildFile; fileRef = 168072181817F71D001966AB /* MSDragAndDropHandler.m */; };
		168072211817F71D001966AB /* MSUtilitiesGesturesHandler.m in Sources */ = {isa = PBXBuildFile; fileRef = 1680721A1817F71D001966AB /* MSUtilitiesGesturesHandler.m */; };
		168072221817F71D001966AB /* MSPullToAdd.m in Sources */ = {isa = PBXBuildFile; fileRef = 1680721C1817F71D001966AB /* MSPullToAdd.m */; };
		1680722B1817F876001966AB /* MAFlexibleTableViewController.m in Sources */ = {isa = PBXBuildFile; fileRef = 1680722A1817F876001966AB /* MAFlexibleTableViewController.m */; };
/* End PBXBuildFile section */

/* Begin PBXContainerItemProxy section */
		168072021817F6E4001966AB /* PBXContainerItemProxy */ = {
			isa = PBXContainerItemProxy;
			containerPortal = 168071D41817F6E4001966AB /* Project object */;
			proxyType = 1;
			remoteGlobalIDString = 168071DB1817F6E4001966AB;
			remoteInfo = FlexibleTableView;
		};
/* End PBXContainerItemProxy section */

/* Begin PBXFileReference section */
		161729611818118A00D95877 /* MAPinchOutDelegate.h */ = {isa = PBXFileReference; fileEncoding = 4; lastKnownFileType = sourcecode.c.h; path = MAPinchOutDelegate.h; sourceTree = "<group>"; };
		161729621818172300D95877 /* MSPinchInHandler.h */ = {isa = PBXFileReference; fileEncoding = 4; lastKnownFileType = sourcecode.c.h; path = MSPinchInHandler.h; sourceTree = "<group>"; };
		161729631818172300D95877 /* MSPinchInHandler.m */ = {isa = PBXFileReference; fileEncoding = 4; lastKnownFileType = sourcecode.c.objc; path = MSPinchInHandler.m; sourceTree = "<group>"; };
		161729651818173A00D95877 /* MAPinchInHandlerDelegate.h */ = {isa = PBXFileReference; fileEncoding = 4; lastKnownFileType = sourcecode.c.h; path = MAPinchInHandlerDelegate.h; sourceTree = "<group>"; };
		16802E721819B0880079E3FB /* MSDragAndDropHandlerDelegate.h */ = {isa = PBXFileReference; fileEncoding = 4; lastKnownFileType = sourcecode.c.h; path = MSDragAndDropHandlerDelegate.h; sourceTree = "<group>"; };
		16802E741819BDE90079E3FB /* MADragAndDropGestureTableViewController.h */ = {isa = PBXFileReference; fileEncoding = 4; lastKnownFileType = sourcecode.c.h; path = MADragAndDropGestureTableViewController.h; sourceTree = "<group>"; };
		16802E751819BDEA0079E3FB /* MADragAndDropGestureTableViewController.m */ = {isa = PBXFileReference; fileEncoding = 4; lastKnownFileType = sourcecode.c.objc; path = MADragAndDropGestureTableViewController.m; sourceTree = "<group>"; };
		16802E761819BDEA0079E3FB /* MAPinchInGestureTableViewController.h */ = {isa = PBXFileReference; fileEncoding = 4; lastKnownFileType = sourcecode.c.h; path = MAPinchInGestureTableViewController.h; sourceTree = "<group>"; };
		16802E771819BDEA0079E3FB /* MAPinchInGestureTableViewController.m */ = {isa = PBXFileReference; fileEncoding = 4; lastKnownFileType = sourcecode.c.objc; path = MAPinchInGestureTableViewController.m; sourceTree = "<group>"; };
		16802E781819BDEA0079E3FB /* MAPinchOutGestureTableViewController.h */ = {isa = PBXFileReference; fileEncoding = 4; lastKnownFileType = sourcecode.c.h; path = MAPinchOutGestureTableViewController.h; sourceTree = "<group>"; };
		16802E791819BDEA0079E3FB /* MAPinchOutGestureTableViewController.m */ = {isa = PBXFileReference; fileEncoding = 4; lastKnownFileType = sourcecode.c.objc; path = MAPinchOutGestureTableViewController.m; sourceTree = "<group>"; };
		16802E7A1819BDEA0079E3FB /* MAPullGestureTableViewController.h */ = {isa = PBXFileReference; fileEncoding = 4; lastKnownFileType = sourcecode.c.h; path = MAPullGestureTableViewController.h; sourceTree = "<group>"; };
		16802E7B1819BDEA0079E3FB /* MAPullGestureTableViewController.m */ = {isa = PBXFileReference; fileEncoding = 4; lastKnownFileType = sourcecode.c.objc; path = MAPullGestureTableViewController.m; sourceTree = "<group>"; };
		168071DC1817F6E4001966AB /* FlexibleTableView.app */ = {isa = PBXFileReference; explicitFileType = wrapper.application; includeInIndex = 0; path = FlexibleTableView.app; sourceTree = BUILT_PRODUCTS_DIR; };
		168071DF1817F6E4001966AB /* Foundation.framework */ = {isa = PBXFileReference; lastKnownFileType = wrapper.framework; name = Foundation.framework; path = System/Library/Frameworks/Foundation.framework; sourceTree = SDKROOT; };
		168071E11817F6E4001966AB /* CoreGraphics.framework */ = {isa = PBXFileReference; lastKnownFileType = wrapper.framework; name = CoreGraphics.framework; path = System/Library/Frameworks/CoreGraphics.framework; sourceTree = SDKROOT; };
		168071E31817F6E4001966AB /* UIKit.framework */ = {isa = PBXFileReference; lastKnownFileType = wrapper.framework; name = UIKit.framework; path = System/Library/Frameworks/UIKit.framework; sourceTree = SDKROOT; };
		168071E71817F6E4001966AB /* FlexibleTableView-Info.plist */ = {isa = PBXFileReference; lastKnownFileType = text.plist.xml; path = "FlexibleTableView-Info.plist"; sourceTree = "<group>"; };
		168071E91817F6E4001966AB /* en */ = {isa = PBXFileReference; lastKnownFileType = text.plist.strings; name = en; path = en.lproj/InfoPlist.strings; sourceTree = "<group>"; };
		168071EB1817F6E4001966AB /* main.m */ = {isa = PBXFileReference; lastKnownFileType = sourcecode.c.objc; path = main.m; sourceTree = "<group>"; };
		168071ED1817F6E4001966AB /* FlexibleTableView-Prefix.pch */ = {isa = PBXFileReference; lastKnownFileType = sourcecode.c.h; path = "FlexibleTableView-Prefix.pch"; sourceTree = "<group>"; };
		168071EE1817F6E4001966AB /* MAAppDelegate.h */ = {isa = PBXFileReference; lastKnownFileType = sourcecode.c.h; path = MAAppDelegate.h; sourceTree = "<group>"; };
		168071EF1817F6E4001966AB /* MAAppDelegate.m */ = {isa = PBXFileReference; lastKnownFileType = sourcecode.c.objc; path = MAAppDelegate.m; sourceTree = "<group>"; };
		168071F21817F6E4001966AB /* Base */ = {isa = PBXFileReference; lastKnownFileType = file.storyboard; name = Base; path = Base.lproj/Main.storyboard; sourceTree = "<group>"; };
		168071F71817F6E4001966AB /* Images.xcassets */ = {isa = PBXFileReference; lastKnownFileType = folder.assetcatalog; path = Images.xcassets; sourceTree = "<group>"; };
		168071FD1817F6E4001966AB /* FlexibleTableViewTests.xctest */ = {isa = PBXFileReference; explicitFileType = wrapper.cfbundle; includeInIndex = 0; path = FlexibleTableViewTests.xctest; sourceTree = BUILT_PRODUCTS_DIR; };
		168071FE1817F6E4001966AB /* XCTest.framework */ = {isa = PBXFileReference; lastKnownFileType = wrapper.framework; name = XCTest.framework; path = Library/Frameworks/XCTest.framework; sourceTree = DEVELOPER_DIR; };
		168072061817F6E4001966AB /* FlexibleTableViewTests-Info.plist */ = {isa = PBXFileReference; lastKnownFileType = text.plist.xml; path = "FlexibleTableViewTests-Info.plist"; sourceTree = "<group>"; };
		168072081817F6E4001966AB /* en */ = {isa = PBXFileReference; lastKnownFileType = text.plist.strings; name = en; path = en.lproj/InfoPlist.strings; sourceTree = "<group>"; };
		1680720A1817F6E4001966AB /* FlexibleTableViewTests.m */ = {isa = PBXFileReference; lastKnownFileType = sourcecode.c.objc; path = FlexibleTableViewTests.m; sourceTree = "<group>"; };
		168072151817F71D001966AB /* MSPinchOutHandler.m */ = {isa = PBXFileReference; fileEncoding = 4; lastKnownFileType = sourcecode.c.objc; path = MSPinchOutHandler.m; sourceTree = "<group>"; };
		168072161817F71D001966AB /* MSPinchOutHandler.h */ = {isa = PBXFileReference; fileEncoding = 4; lastKnownFileType = sourcecode.c.h; path = MSPinchOutHandler.h; sourceTree = "<group>"; };
		168072171817F71D001966AB /* MSDragAndDropHandler.h */ = {isa = PBXFileReference; fileEncoding = 4; lastKnownFileType = sourcecode.c.h; path = MSDragAndDropHandler.h; sourceTree = "<group>"; };
		168072181817F71D001966AB /* MSDragAndDropHandler.m */ = {isa = PBXFileReference; fileEncoding = 4; lastKnownFileType = sourcecode.c.objc; path = MSDragAndDropHandler.m; sourceTree = "<group>"; };
		168072191817F71D001966AB /* MSUtilitiesGesturesHandler.h */ = {isa = PBXFileReference; fileEncoding = 4; lastKnownFileType = sourcecode.c.h; path = MSUtilitiesGesturesHandler.h; sourceTree = "<group>"; };
		1680721A1817F71D001966AB /* MSUtilitiesGesturesHandler.m */ = {isa = PBXFileReference; fileEncoding = 4; lastKnownFileType = sourcecode.c.objc; path = MSUtilitiesGesturesHandler.m; sourceTree = "<group>"; };
		1680721B1817F71D001966AB /* MSPullToAdd.h */ = {isa = PBXFileReference; fileEncoding = 4; lastKnownFileType = sourcecode.c.h; path = MSPullToAdd.h; sourceTree = "<group>"; };
		1680721C1817F71D001966AB /* MSPullToAdd.m */ = {isa = PBXFileReference; fileEncoding = 4; lastKnownFileType = sourcecode.c.objc; path = MSPullToAdd.m; sourceTree = "<group>"; };
		168072291817F876001966AB /* MAFlexibleTableViewController.h */ = {isa = PBXFileReference; fileEncoding = 4; lastKnownFileType = sourcecode.c.h; path = MAFlexibleTableViewController.h; sourceTree = "<group>"; };
		1680722A1817F876001966AB /* MAFlexibleTableViewController.m */ = {isa = PBXFileReference; fileEncoding = 4; lastKnownFileType = sourcecode.c.objc; path = MAFlexibleTableViewController.m; sourceTree = "<group>"; };
		1680722C181803FE001966AB /* MAPullTableViewDelegate.h */ = {isa = PBXFileReference; fileEncoding = 4; lastKnownFileType = sourcecode.c.h; path = MAPullTableViewDelegate.h; sourceTree = "<group>"; };
/* End PBXFileReference section */

/* Begin PBXFrameworksBuildPhase section */
		168071D91817F6E4001966AB /* Frameworks */ = {
			isa = PBXFrameworksBuildPhase;
			buildActionMask = 2147483647;
			files = (
				168071E21817F6E4001966AB /* CoreGraphics.framework in Frameworks */,
				168071E41817F6E4001966AB /* UIKit.framework in Frameworks */,
				168071E01817F6E4001966AB /* Foundation.framework in Frameworks */,
			);
			runOnlyForDeploymentPostprocessing = 0;
		};
		168071FA1817F6E4001966AB /* Frameworks */ = {
			isa = PBXFrameworksBuildPhase;
			buildActionMask = 2147483647;
			files = (
				168071FF1817F6E4001966AB /* XCTest.framework in Frameworks */,
				168072011817F6E4001966AB /* UIKit.framework in Frameworks */,
				168072001817F6E4001966AB /* Foundation.framework in Frameworks */,
			);
			runOnlyForDeploymentPostprocessing = 0;
		};
/* End PBXFrameworksBuildPhase section */

/* Begin PBXGroup section */
		16802E731819BDDD0079E3FB /* tableview controllers */ = {
			isa = PBXGroup;
			children = (
				16802E741819BDE90079E3FB /* MADragAndDropGestureTableViewController.h */,
				16802E751819BDEA0079E3FB /* MADragAndDropGestureTableViewController.m */,
				16802E761819BDEA0079E3FB /* MAPinchInGestureTableViewController.h */,
				16802E771819BDEA0079E3FB /* MAPinchInGestureTableViewController.m */,
				16802E781819BDEA0079E3FB /* MAPinchOutGestureTableViewController.h */,
				16802E791819BDEA0079E3FB /* MAPinchOutGestureTableViewController.m */,
				16802E7A1819BDEA0079E3FB /* MAPullGestureTableViewController.h */,
				16802E7B1819BDEA0079E3FB /* MAPullGestureTableViewController.m */,
			);
			name = "tableview controllers";
			sourceTree = "<group>";
		};
		168071D31817F6E4001966AB = {
			isa = PBXGroup;
			children = (
				168071E51817F6E4001966AB /* FlexibleTableView */,
				168072041817F6E4001966AB /* FlexibleTableViewTests */,
				168071DE1817F6E4001966AB /* Frameworks */,
				168071DD1817F6E4001966AB /* Products */,
			);
			sourceTree = "<group>";
		};
		168071DD1817F6E4001966AB /* Products */ = {
			isa = PBXGroup;
			children = (
				168071DC1817F6E4001966AB /* FlexibleTableView.app */,
				168071FD1817F6E4001966AB /* FlexibleTableViewTests.xctest */,
			);
			name = Products;
			sourceTree = "<group>";
		};
		168071DE1817F6E4001966AB /* Frameworks */ = {
			isa = PBXGroup;
			children = (
				168071DF1817F6E4001966AB /* Foundation.framework */,
				168071E11817F6E4001966AB /* CoreGraphics.framework */,
				168071E31817F6E4001966AB /* UIKit.framework */,
				168071FE1817F6E4001966AB /* XCTest.framework */,
			);
			name = Frameworks;
			sourceTree = "<group>";
		};
		168071E51817F6E4001966AB /* FlexibleTableView */ = {
			isa = PBXGroup;
			children = (
				168072281817F7BA001966AB /* taps and touches */,
				168072271817F7B2001966AB /* pull to add */,
				168072261817F7A8001966AB /* drag and drop */,
				168072251817F7A2001966AB /* pinch in */,
				168072241817F794001966AB /* pinch out */,
				168072141817F70D001966AB /* Table view gestures */,
				168071EE1817F6E4001966AB /* MAAppDelegate.h */,
				168071EF1817F6E4001966AB /* MAAppDelegate.m */,
				168071F11817F6E4001966AB /* Main.storyboard */,
				168072291817F876001966AB /* MAFlexibleTableViewController.h */,
				1680722A1817F876001966AB /* MAFlexibleTableViewController.m */,
				168071F71817F6E4001966AB /* Images.xcassets */,
				168071E61817F6E4001966AB /* Supporting Files */,
			);
			path = FlexibleTableView;
			sourceTree = "<group>";
		};
		168071E61817F6E4001966AB /* Supporting Files */ = {
			isa = PBXGroup;
			children = (
				168071E71817F6E4001966AB /* FlexibleTableView-Info.plist */,
				168071E81817F6E4001966AB /* InfoPlist.strings */,
				168071EB1817F6E4001966AB /* main.m */,
				168071ED1817F6E4001966AB /* FlexibleTableView-Prefix.pch */,
			);
			name = "Supporting Files";
			sourceTree = "<group>";
		};
		168072041817F6E4001966AB /* FlexibleTableViewTests */ = {
			isa = PBXGroup;
			children = (
				1680720A1817F6E4001966AB /* FlexibleTableViewTests.m */,
				168072051817F6E4001966AB /* Supporting Files */,
			);
			path = FlexibleTableViewTests;
			sourceTree = "<group>";
		};
		168072051817F6E4001966AB /* Supporting Files */ = {
			isa = PBXGroup;
			children = (
				168072061817F6E4001966AB /* FlexibleTableViewTests-Info.plist */,
				168072071817F6E4001966AB /* InfoPlist.strings */,
			);
			name = "Supporting Files";
			sourceTree = "<group>";
		};
		168072141817F70D001966AB /* Table view gestures */ = {
			isa = PBXGroup;
			children = (
				16802E731819BDDD0079E3FB /* tableview controllers */,
			);
			name = "Table view gestures";
			sourceTree = "<group>";
		};
		168072241817F794001966AB /* pinch out */ = {
			isa = PBXGroup;
			children = (
				168072151817F71D001966AB /* MSPinchOutHandler.m */,
				168072161817F71D001966AB /* MSPinchOutHandler.h */,
				161729611818118A00D95877 /* MAPinchOutDelegate.h */,
			);
			name = "pinch out";
			sourceTree = "<group>";
		};
		168072251817F7A2001966AB /* pinch in */ = {
			isa = PBXGroup;
			children = (
				161729621818172300D95877 /* MSPinchInHandler.h */,
				161729631818172300D95877 /* MSPinchInHandler.m */,
				161729651818173A00D95877 /* MAPinchInHandlerDelegate.h */,
			);
			name = "pinch in";
			sourceTree = "<group>";
		};
		168072261817F7A8001966AB /* drag and drop */ = {
			isa = PBXGroup;
			children = (
				168072171817F71D001966AB /* MSDragAndDropHandler.h */,
				168072181817F71D001966AB /* MSDragAndDropHandler.m */,
				16802E721819B0880079E3FB /* MSDragAndDropHandlerDelegate.h */,
			);
			name = "drag and drop";
			sourceTree = "<group>";
		};
		168072271817F7B2001966AB /* pull to add */ = {
			isa = PBXGroup;
			children = (
				1680721B1817F71D001966AB /* MSPullToAdd.h */,
				1680721C1817F71D001966AB /* MSPullToAdd.m */,
				1680722C181803FE001966AB /* MAPullTableViewDelegate.h */,
			);
			name = "pull to add";
			sourceTree = "<group>";
		};
		168072281817F7BA001966AB /* taps and touches */ = {
			isa = PBXGroup;
			children = (
				168072191817F71D001966AB /* MSUtilitiesGesturesHandler.h */,
				1680721A1817F71D001966AB /* MSUtilitiesGesturesHandler.m */,
			);
			name = "taps and touches";
			sourceTree = "<group>";
		};
/* End PBXGroup section */

/* Begin PBXNativeTarget section */
		168071DB1817F6E4001966AB /* FlexibleTableView */ = {
			isa = PBXNativeTarget;
			buildConfigurationList = 1680720E1817F6E4001966AB /* Build configuration list for PBXNativeTarget "FlexibleTableView" */;
			buildPhases = (
				168071D81817F6E4001966AB /* Sources */,
				168071D91817F6E4001966AB /* Frameworks */,
				168071DA1817F6E4001966AB /* Resources */,
			);
			buildRules = (
			);
			dependencies = (
			);
			name = FlexibleTableView;
			productName = FlexibleTableView;
			productReference = 168071DC1817F6E4001966AB /* FlexibleTableView.app */;
			productType = "com.apple.product-type.application";
		};
		168071FC1817F6E4001966AB /* FlexibleTableViewTests */ = {
			isa = PBXNativeTarget;
			buildConfigurationList = 168072111817F6E4001966AB /* Build configuration list for PBXNativeTarget "FlexibleTableViewTests" */;
			buildPhases = (
				168071F91817F6E4001966AB /* Sources */,
				168071FA1817F6E4001966AB /* Frameworks */,
				168071FB1817F6E4001966AB /* Resources */,
			);
			buildRules = (
			);
			dependencies = (
				168072031817F6E4001966AB /* PBXTargetDependency */,
			);
			name = FlexibleTableViewTests;
			productName = FlexibleTableViewTests;
			productReference = 168071FD1817F6E4001966AB /* FlexibleTableViewTests.xctest */;
			productType = "com.apple.product-type.bundle.unit-test";
		};
/* End PBXNativeTarget section */

/* Begin PBXProject section */
		168071D41817F6E4001966AB /* Project object */ = {
			isa = PBXProject;
			attributes = {
				CLASSPREFIX = MA;
				LastUpgradeCheck = 0500;
				ORGANIZATIONNAME = "mohamed abd elaleem";
				TargetAttributes = {
					168071FC1817F6E4001966AB = {
						TestTargetID = 168071DB1817F6E4001966AB;
					};
				};
			};
			buildConfigurationList = 168071D71817F6E4001966AB /* Build configuration list for PBXProject "FlexibleTableView" */;
			compatibilityVersion = "Xcode 3.2";
			developmentRegion = English;
			hasScannedForEncodings = 0;
			knownRegions = (
				en,
				Base,
			);
			mainGroup = 168071D31817F6E4001966AB;
			productRefGroup = 168071DD1817F6E4001966AB /* Products */;
			projectDirPath = "";
			projectRoot = "";
			targets = (
				168071DB1817F6E4001966AB /* FlexibleTableView */,
				168071FC1817F6E4001966AB /* FlexibleTableViewTests */,
			);
		};
/* End PBXProject section */

/* Begin PBXResourcesBuildPhase section */
		168071DA1817F6E4001966AB /* Resources */ = {
			isa = PBXResourcesBuildPhase;
			buildActionMask = 2147483647;
			files = (
				168071F81817F6E4001966AB /* Images.xcassets in Resources */,
				168071EA1817F6E4001966AB /* InfoPlist.strings in Resources */,
				168071F31817F6E4001966AB /* Main.storyboard in Resources */,
			);
			runOnlyForDeploymentPostprocessing = 0;
		};
		168071FB1817F6E4001966AB /* Resources */ = {
			isa = PBXResourcesBuildPhase;
			buildActionMask = 2147483647;
			files = (
				168072091817F6E4001966AB /* InfoPlist.strings in Resources */,
			);
			runOnlyForDeploymentPostprocessing = 0;
		};
/* End PBXResourcesBuildPhase section */

/* Begin PBXSourcesBuildPhase section */
		168071D81817F6E4001966AB /* Sources */ = {
			isa = PBXSourcesBuildPhase;
			buildActionMask = 2147483647;
			files = (
				1680721F1817F71D001966AB /* MSPinchOutHandler.m in Sources */,
				168071F01817F6E4001966AB /* MAAppDelegate.m in Sources */,
				16802E7F1819BDEA0079E3FB /* MAPullGestureTableViewController.m in Sources */,
				168072201817F71D001966AB /* MSDragAndDropHandler.m in Sources */,
				16802E7E1819BDEA0079E3FB /* MAPinchOutGestureTableViewController.m in Sources */,
				16802E7C1819BDEA0079E3FB /* MADragAndDropGestureTableViewController.m in Sources */,
				1680722B1817F876001966AB /* MAFlexibleTableViewController.m in Sources */,
				161729641818172300D95877 /* MSPinchInHandler.m in Sources */,
				168072211817F71D001966AB /* MSUtilitiesGesturesHandler.m in Sources */,
				168072221817F71D001966AB /* MSPullToAdd.m in Sources */,
				168071EC1817F6E4001966AB /* main.m in Sources */,
				16802E7D1819BDEA0079E3FB /* MAPinchInGestureTableViewController.m in Sources */,
			);
			runOnlyForDeploymentPostprocessing = 0;
		};
		168071F91817F6E4001966AB /* Sources */ = {
			isa = PBXSourcesBuildPhase;
			buildActionMask = 2147483647;
			files = (
				1680720B1817F6E4001966AB /* FlexibleTableViewTests.m in Sources */,
			);
			runOnlyForDeploymentPostprocessing = 0;
		};
/* End PBXSourcesBuildPhase section */

/* Begin PBXTargetDependency section */
		168072031817F6E4001966AB /* PBXTargetDependency */ = {
			isa = PBXTargetDependency;
			target = 168071DB1817F6E4001966AB /* FlexibleTableView */;
			targetProxy = 168072021817F6E4001966AB /* PBXContainerItemProxy */;
		};
/* End PBXTargetDependency section */

/* Begin PBXVariantGroup section */
		168071E81817F6E4001966AB /* InfoPlist.strings */ = {
			isa = PBXVariantGroup;
			children = (
				168071E91817F6E4001966AB /* en */,
			);
			name = InfoPlist.strings;
			sourceTree = "<group>";
		};
		168071F11817F6E4001966AB /* Main.storyboard */ = {
			isa = PBXVariantGroup;
			children = (
				168071F21817F6E4001966AB /* Base */,
			);
			name = Main.storyboard;
			sourceTree = "<group>";
		};
		168072071817F6E4001966AB /* InfoPlist.strings */ = {
			isa = PBXVariantGroup;
			children = (
				168072081817F6E4001966AB /* en */,
			);
			name = InfoPlist.strings;
			sourceTree = "<group>";
		};
/* End PBXVariantGroup section */

/* Begin XCBuildConfiguration section */
		1680720C1817F6E4001966AB /* Debug */ = {
			isa = XCBuildConfiguration;
			buildSettings = {
				ALWAYS_SEARCH_USER_PATHS = NO;
				ARCHS = "$(ARCHS_STANDARD_INCLUDING_64_BIT)";
				CLANG_CXX_LANGUAGE_STANDARD = "gnu++0x";
				CLANG_CXX_LIBRARY = "libc++";
				CLANG_ENABLE_MODULES = YES;
				CLANG_ENABLE_OBJC_ARC = YES;
				CLANG_WARN_BOOL_CONVERSION = YES;
				CLANG_WARN_CONSTANT_CONVERSION = YES;
				CLANG_WARN_DIRECT_OBJC_ISA_USAGE = YES_ERROR;
				CLANG_WARN_EMPTY_BODY = YES;
				CLANG_WARN_ENUM_CONVERSION = YES;
				CLANG_WARN_INT_CONVERSION = YES;
				CLANG_WARN_OBJC_ROOT_CLASS = YES_ERROR;
				CLANG_WARN__DUPLICATE_METHOD_MATCH = YES;
				"CODE_SIGN_IDENTITY[sdk=iphoneos*]" = "iPhone Developer";
				COPY_PHASE_STRIP = NO;
				GCC_C_LANGUAGE_STANDARD = gnu99;
				GCC_DYNAMIC_NO_PIC = NO;
				GCC_OPTIMIZATION_LEVEL = 0;
				GCC_PREPROCESSOR_DEFINITIONS = (
					"DEBUG=1",
					"$(inherited)",
				);
				GCC_SYMBOLS_PRIVATE_EXTERN = NO;
				GCC_WARN_64_TO_32_BIT_CONVERSION = YES;
				GCC_WARN_ABOUT_RETURN_TYPE = YES_ERROR;
				GCC_WARN_UNDECLARED_SELECTOR = YES;
				GCC_WARN_UNINITIALIZED_AUTOS = YES;
				GCC_WARN_UNUSED_FUNCTION = YES;
				GCC_WARN_UNUSED_VARIABLE = YES;
				IPHONEOS_DEPLOYMENT_TARGET = 7.0;
				ONLY_ACTIVE_ARCH = YES;
				SDKROOT = iphoneos;
			};
			name = Debug;
		};
		1680720D1817F6E4001966AB /* Release */ = {
			isa = XCBuildConfiguration;
			buildSettings = {
				ALWAYS_SEARCH_USER_PATHS = NO;
				ARCHS = "$(ARCHS_STANDARD_INCLUDING_64_BIT)";
				CLANG_CXX_LANGUAGE_STANDARD = "gnu++0x";
				CLANG_CXX_LIBRARY = "libc++";
				CLANG_ENABLE_MODULES = YES;
				CLANG_ENABLE_OBJC_ARC = YES;
				CLANG_WARN_BOOL_CONVERSION = YES;
				CLANG_WARN_CONSTANT_CONVERSION = YES;
				CLANG_WARN_DIRECT_OBJC_ISA_USAGE = YES_ERROR;
				CLANG_WARN_EMPTY_BODY = YES;
				CLANG_WARN_ENUM_CONVERSION = YES;
				CLANG_WARN_INT_CONVERSION = YES;
				CLANG_WARN_OBJC_ROOT_CLASS = YES_ERROR;
				CLANG_WARN__DUPLICATE_METHOD_MATCH = YES;
				"CODE_SIGN_IDENTITY[sdk=iphoneos*]" = "iPhone Developer";
				COPY_PHASE_STRIP = YES;
				ENABLE_NS_ASSERTIONS = NO;
				GCC_C_LANGUAGE_STANDARD = gnu99;
				GCC_WARN_64_TO_32_BIT_CONVERSION = YES;
				GCC_WARN_ABOUT_RETURN_TYPE = YES_ERROR;
				GCC_WARN_UNDECLARED_SELECTOR = YES;
				GCC_WARN_UNINITIALIZED_AUTOS = YES;
				GCC_WARN_UNUSED_FUNCTION = YES;
				GCC_WARN_UNUSED_VARIABLE = YES;
				IPHONEOS_DEPLOYMENT_TARGET = 7.0;
				SDKROOT = iphoneos;
				VALIDATE_PRODUCT = YES;
			};
			name = Release;
		};
		1680720F1817F6E4001966AB /* Debug */ = {
			isa = XCBuildConfiguration;
			buildSettings = {
				ASSETCATALOG_COMPILER_APPICON_NAME = AppIcon;
				ASSETCATALOG_COMPILER_LAUNCHIMAGE_NAME = LaunchImage;
				GCC_PRECOMPILE_PREFIX_HEADER = YES;
				GCC_PREFIX_HEADER = "FlexibleTableView/FlexibleTableView-Prefix.pch";
				INFOPLIST_FILE = "FlexibleTableView/FlexibleTableView-Info.plist";
				PRODUCT_NAME = "$(TARGET_NAME)";
				WRAPPER_EXTENSION = app;
			};
			name = Debug;
		};
		168072101817F6E4001966AB /* Release */ = {
			isa = XCBuildConfiguration;
			buildSettings = {
				ASSETCATALOG_COMPILER_APPICON_NAME = AppIcon;
				ASSETCATALOG_COMPILER_LAUNCHIMAGE_NAME = LaunchImage;
				GCC_PRECOMPILE_PREFIX_HEADER = YES;
				GCC_PREFIX_HEADER = "FlexibleTableView/FlexibleTableView-Prefix.pch";
				INFOPLIST_FILE = "FlexibleTableView/FlexibleTableView-Info.plist";
				PRODUCT_NAME = "$(TARGET_NAME)";
				WRAPPER_EXTENSION = app;
			};
			name = Release;
		};
		168072121817F6E4001966AB /* Debug */ = {
			isa = XCBuildConfiguration;
			buildSettings = {
				ARCHS = "$(ARCHS_STANDARD_INCLUDING_64_BIT)";
				BUNDLE_LOADER = "$(BUILT_PRODUCTS_DIR)/FlexibleTableView.app/FlexibleTableView";
				FRAMEWORK_SEARCH_PATHS = (
					"$(SDKROOT)/Developer/Library/Frameworks",
					"$(inherited)",
					"$(DEVELOPER_FRAMEWORKS_DIR)",
				);
				GCC_PRECOMPILE_PREFIX_HEADER = YES;
				GCC_PREFIX_HEADER = "FlexibleTableView/FlexibleTableView-Prefix.pch";
				GCC_PREPROCESSOR_DEFINITIONS = (
					"DEBUG=1",
					"$(inherited)",
				);
				INFOPLIST_FILE = "FlexibleTableViewTests/FlexibleTableViewTests-Info.plist";
				PRODUCT_NAME = "$(TARGET_NAME)";
				TEST_HOST = "$(BUNDLE_LOADER)";
				WRAPPER_EXTENSION = xctest;
			};
			name = Debug;
		};
		168072131817F6E4001966AB /* Release */ = {
			isa = XCBuildConfiguration;
			buildSettings = {
				ARCHS = "$(ARCHS_STANDARD_INCLUDING_64_BIT)";
				BUNDLE_LOADER = "$(BUILT_PRODUCTS_DIR)/FlexibleTableView.app/FlexibleTableView";
				FRAMEWORK_SEARCH_PATHS = (
					"$(SDKROOT)/Developer/Library/Frameworks",
					"$(inherited)",
					"$(DEVELOPER_FRAMEWORKS_DIR)",
				);
				GCC_PRECOMPILE_PREFIX_HEADER = YES;
				GCC_PREFIX_HEADER = "FlexibleTableView/FlexibleTableView-Prefix.pch";
				INFOPLIST_FILE = "FlexibleTableViewTests/FlexibleTableViewTests-Info.plist";
				PRODUCT_NAME = "$(TARGET_NAME)";
				TEST_HOST = "$(BUNDLE_LOADER)";
				WRAPPER_EXTENSION = xctest;
			};
			name = Release;
		};
/* End XCBuildConfiguration section */

/* Begin XCConfigurationList section */
		168071D71817F6E4001966AB /* Build configuration list for PBXProject "FlexibleTableView" */ = {
			isa = XCConfigurationList;
			buildConfigurations = (
				1680720C1817F6E4001966AB /* Debug */,
				1680720D1817F6E4001966AB /* Release */,
			);
			defaultConfigurationIsVisible = 0;
			defaultConfigurationName = Release;
		};
		1680720E1817F6E4001966AB /* Build configuration list for PBXNativeTarget "FlexibleTableView" */ = {
			isa = XCConfigurationList;
			buildConfigurations = (
				1680720F1817F6E4001966AB /* Debug */,
				168072101817F6E4001966AB /* Release */,
			);
			defaultConfigurationIsVisible = 0;
			defaultConfigurationName = Release;
		};
		168072111817F6E4001966AB /* Build configuration list for PBXNativeTarget "FlexibleTableViewTests" */ = {
			isa = XCConfigurationList;
			buildConfigurations = (
				168072121817F6E4001966AB /* Debug */,
				168072131817F6E4001966AB /* Release */,
			);
			defaultConfigurationIsVisible = 0;
			defaultConfigurationName = Release;
		};
/* End XCConfigurationList section */
	};
	rootObject = 168071D41817F6E4001966AB /* Project object */;
}
